
Microsoft Visual Studio Solution File, Format Version 12.00
# Visual Studio Version 17
VisualStudioVersion = 17.3.32825.248
MinimumVisualStudioVersion = 10.0.40219.1
Project("{FAE04EC0-301F-11D3-BF4B-00C04F79EFBC}") = "Functions", "Functions\Functions.csproj", "{8145CD96-846F-4E75-A018-AA491A24FB82}"
EndProject
Project("{FAE04EC0-301F-11D3-BF4B-00C04F79EFBC}") = "ArgumentsAndParameters", "ArgumentsAndParameters\ArgumentsAndParameters.csproj", "{F9D6C815-14FC-4DD6-8222-CF659BCF3A45}"
EndProject
Project("{FAE04EC0-301F-11D3-BF4B-00C04F79EFBC}") = "Calculator", "Calculator\Calculator.csproj", "{FD30505E-D27B-49C9-95BD-C3A79E885FFD}"
EndProject
Project("{FAE04EC0-301F-11D3-BF4B-00C04F79EFBC}") = "DiscountCalculator", "DiscountCalculator\DiscountCalculator.csproj", "{9D789275-D2FE-4609-A2E8-EFD55BD964E9}"
EndProject
Global
	GlobalSection(SolutionConfigurationPlatforms) = preSolution
		Debug|Any CPU = Debug|Any CPU
		Release|Any CPU = Release|Any CPU
	EndGlobalSection
	GlobalSection(ProjectConfigurationPlatforms) = postSolution
		{8145CD96-846F-4E75-A018-AA491A24FB82}.Debug|Any CPU.ActiveCfg = Debug|Any CPU
		{8145CD96-846F-4E75-A018-AA491A24FB82}.Debug|Any CPU.Build.0 = Debug|Any CPU
		{8145CD96-846F-4E75-A018-AA491A24FB82}.Release|Any CPU.ActiveCfg = Release|Any CPU
		{8145CD96-846F-4E75-A018-AA491A24FB82}.Release|Any CPU.Build.0 = Release|Any CPU
		{F9D6C815-14FC-4DD6-8222-CF659BCF3A45}.Debug|Any CPU.ActiveCfg = Debug|Any CPU
		{F9D6C815-14FC-4DD6-8222-CF659BCF3A45}.Debug|Any CPU.Build.0 = Debug|Any CPU
		{F9D6C815-14FC-4DD6-8222-CF659BCF3A45}.Release|Any CPU.ActiveCfg = Release|Any CPU
		{F9D6C815-14FC-4DD6-8222-CF659BCF3A45}.Release|Any CPU.Build.0 = Release|Any CPU
		{FD30505E-D27B-49C9-95BD-C3A79E885FFD}.Debug|Any CPU.ActiveCfg = Debug|Any CPU
		{FD30505E-D27B-49C9-95BD-C3A79E885FFD}.Debug|Any CPU.Build.0 = Debug|Any CPU
		{FD30505E-D27B-49C9-95BD-C3A79E885FFD}.Release|Any CPU.ActiveCfg = Release|Any CPU
		{FD30505E-D27B-49C9-95BD-C3A79E885FFD}.Release|Any CPU.Build.0 = Release|Any CPU
		{9D789275-D2FE-4609-A2E8-EFD55BD964E9}.Debug|Any CPU.ActiveCfg = Debug|Any CPU
		{9D789275-D2FE-4609-A2E8-EFD55BD964E9}.Debug|Any CPU.Build.0 = Debug|Any CPU
		{9D789275-D2FE-4609-A2E8-EFD55BD964E9}.Release|Any CPU.ActiveCfg = Release|Any CPU
		{9D789275-D2FE-4609-A2E8-EFD55BD964E9}.Release|Any CPU.Build.0 = Release|Any CPU
	EndGlobalSection
	GlobalSection(SolutionProperties) = preSolution
		HideSolutionNode = FALSE
	EndGlobalSection
	GlobalSection(ExtensibilityGlobals) = postSolution
		SolutionGuid = {42958003-1B63-4D9E-9AE0-2487246BBA09}
	EndGlobalSection
EndGlobal
